
Microsoft Visual Studio Solution File, Format Version 12.00
# Visual Studio Version 16
VisualStudioVersion = 16.0.30114.105
MinimumVisualStudioVersion = 10.0.40219.1
Project("{FAE04EC0-301F-11D3-BF4B-00C04F79EFBC}") = "API", "API\API.csproj", "{344F6AE1-8C00-4DF5-BFCB-E5CA8CD62A7B}"
EndProject
Global
	GlobalSection(SolutionConfigurationPlatforms) = preSolution
		Debug|Any CPU = Debug|Any CPU
		Release|Any CPU = Release|Any CPU
	EndGlobalSection
	GlobalSection(SolutionProperties) = preSolution
		HideSolutionNode = FALSE
	EndGlobalSection
	GlobalSection(ProjectConfigurationPlatforms) = postSolution
		{344F6AE1-8C00-4DF5-BFCB-E5CA8CD62A7B}.Debug|Any CPU.ActiveCfg = Debug|Any CPU
		{344F6AE1-8C00-4DF5-BFCB-E5CA8CD62A7B}.Debug|Any CPU.Build.0 = Debug|Any CPU
		{344F6AE1-8C00-4DF5-BFCB-E5CA8CD62A7B}.Release|Any CPU.ActiveCfg = Release|Any CPU
		{344F6AE1-8C00-4DF5-BFCB-E5CA8CD62A7B}.Release|Any CPU.Build.0 = Release|Any CPU
	EndGlobalSection
EndGlobal
